
Microsoft Visual Studio Solution File, Format Version 12.00
# Visual Studio Version 17
VisualStudioVersion = 17.7.34024.191
MinimumVisualStudioVersion = 10.0.40219.1
Project("{FAE04EC0-301F-11D3-BF4B-00C04F79EFBC}") = "Hospital-Project-Ado.Net-WithProcs", "Hospital-Project-Ado.Net-WithProcs\Hospital-Project-Ado.Net-WithProcs.csproj", "{3AC5E493-643A-42A0-8FA1-4F8E974FDAFF}"
EndProject
Global
	GlobalSection(SolutionConfigurationPlatforms) = preSolution
		Debug|Any CPU = Debug|Any CPU
		Release|Any CPU = Release|Any CPU
	EndGlobalSection
	GlobalSection(ProjectConfigurationPlatforms) = postSolution
		{3AC5E493-643A-42A0-8FA1-4F8E974FDAFF}.Debug|Any CPU.ActiveCfg = Debug|Any CPU
		{3AC5E493-643A-42A0-8FA1-4F8E974FDAFF}.Debug|Any CPU.Build.0 = Debug|Any CPU
		{3AC5E493-643A-42A0-8FA1-4F8E974FDAFF}.Release|Any CPU.ActiveCfg = Release|Any CPU
		{3AC5E493-643A-42A0-8FA1-4F8E974FDAFF}.Release|Any CPU.Build.0 = Release|Any CPU
	EndGlobalSection
	GlobalSection(SolutionProperties) = preSolution
		HideSolutionNode = FALSE
	EndGlobalSection
	GlobalSection(ExtensibilityGlobals) = postSolution
		SolutionGuid = {14A1480F-C4A4-455F-9B1A-24471518AB81}
	EndGlobalSection
EndGlobal
